
Microsoft Visual Studio Solution File, Format Version 12.00
# Visual Studio 15
VisualStudioVersion = 15.0.26730.12
MinimumVisualStudioVersion = 10.0.40219.1
Project("{FAE04EC0-301F-11D3-BF4B-00C04F79EFBC}") = "server", "server\server.csproj", "{F42951DD-AE66-49AB-B5F2-59EE8FAF4B21}"
EndProject
Global
	GlobalSection(SolutionConfigurationPlatforms) = preSolution
		Debug|Any CPU = Debug|Any CPU
		Release|Any CPU = Release|Any CPU
	EndGlobalSection
	GlobalSection(ProjectConfigurationPlatforms) = postSolution
		{F42951DD-AE66-49AB-B5F2-59EE8FAF4B21}.Debug|Any CPU.ActiveCfg = Debug|Any CPU
		{F42951DD-AE66-49AB-B5F2-59EE8FAF4B21}.Debug|Any CPU.Build.0 = Debug|Any CPU
		{F42951DD-AE66-49AB-B5F2-59EE8FAF4B21}.Release|Any CPU.ActiveCfg = Release|Any CPU
		{F42951DD-AE66-49AB-B5F2-59EE8FAF4B21}.Release|Any CPU.Build.0 = Release|Any CPU
	EndGlobalSection
	GlobalSection(SolutionProperties) = preSolution
		HideSolutionNode = FALSE
	EndGlobalSection
	GlobalSection(ExtensibilityGlobals) = postSolution
		SolutionGuid = {35F82D27-37E5-4424-B1CA-280128FC0C30}
	EndGlobalSection
EndGlobal
